
Microsoft Visual Studio Solution File, Format Version 12.00
# Visual Studio Version 16
Project("{2150E333-8FDC-42A3-9474-1A3956D46DE8}") = "CMakePredefinedTargets", "CMakePredefinedTargets", "{B1417E13-277A-3DB1-BC98-6ACB334AD723}"
EndProject
Project("{8BC9CEB8-8B4A-11D0-8D11-00A0C91BC942}") = "ALL_BUILD", "ALL_BUILD.vcxproj", "{9E5925BC-02C8-3139-8CF2-983775C2E199}"
	ProjectSection(ProjectDependencies) = postProject
		{6328FB62-CBD8-34AD-A1C3-778A27E8C389} = {6328FB62-CBD8-34AD-A1C3-778A27E8C389}
		{24AFEE9E-33B5-3DE6-9E15-9DC25DAD7D98} = {24AFEE9E-33B5-3DE6-9E15-9DC25DAD7D98}
		{33C77A62-6BB0-3D9C-A5DF-5755A1251E52} = {33C77A62-6BB0-3D9C-A5DF-5755A1251E52}
		{ADD47B95-9AC2-3D2C-890F-4A5FFA8691FD} = {ADD47B95-9AC2-3D2C-890F-4A5FFA8691FD}
		{0AC80DD8-9DF3-3843-99E7-3C1711FDCFDC} = {0AC80DD8-9DF3-3843-99E7-3C1711FDCFDC}
	EndProjectSection
EndProject
Project("{8BC9CEB8-8B4A-11D0-8D11-00A0C91BC942}") = "INSTALL", "INSTALL.vcxproj", "{5D6097B4-9243-30D0-AEB8-AACEFC5FF320}"
	ProjectSection(ProjectDependencies) = postProject
		{9E5925BC-02C8-3139-8CF2-983775C2E199} = {9E5925BC-02C8-3139-8CF2-983775C2E199}
		{6328FB62-CBD8-34AD-A1C3-778A27E8C389} = {6328FB62-CBD8-34AD-A1C3-778A27E8C389}
	EndProjectSection
EndProject
Project("{8BC9CEB8-8B4A-11D0-8D11-00A0C91BC942}") = "UpdateAssimpLibsDebugSymbolsAndDLLs", "UpdateAssimpLibsDebugSymbolsAndDLLs.vcxproj", "{A1F05848-8047-31CB-B67E-5F5353C6438C}"
	ProjectSection(ProjectDependencies) = postProject
		{6328FB62-CBD8-34AD-A1C3-778A27E8C389} = {6328FB62-CBD8-34AD-A1C3-778A27E8C389}
	EndProjectSection
EndProject
Project("{8BC9CEB8-8B4A-11D0-8D11-00A0C91BC942}") = "ZERO_CHECK", "..\..\\ZERO_CHECK.vcxproj", "{6328FB62-CBD8-34AD-A1C3-778A27E8C389}"
	ProjectSection(ProjectDependencies) = postProject
	EndProjectSection
EndProject
Project("{8BC9CEB8-8B4A-11D0-8D11-00A0C91BC942}") = "assimp", "code\assimp.vcxproj", "{24AFEE9E-33B5-3DE6-9E15-9DC25DAD7D98}"
	ProjectSection(ProjectDependencies) = postProject
		{6328FB62-CBD8-34AD-A1C3-778A27E8C389} = {6328FB62-CBD8-34AD-A1C3-778A27E8C389}
		{0AC80DD8-9DF3-3843-99E7-3C1711FDCFDC} = {0AC80DD8-9DF3-3843-99E7-3C1711FDCFDC}
	EndProjectSection
EndProject
Project("{8BC9CEB8-8B4A-11D0-8D11-00A0C91BC942}") = "assimp_cmd", "tools\assimp_cmd\assimp_cmd.vcxproj", "{33C77A62-6BB0-3D9C-A5DF-5755A1251E52}"
	ProjectSection(ProjectDependencies) = postProject
		{6328FB62-CBD8-34AD-A1C3-778A27E8C389} = {6328FB62-CBD8-34AD-A1C3-778A27E8C389}
		{24AFEE9E-33B5-3DE6-9E15-9DC25DAD7D98} = {24AFEE9E-33B5-3DE6-9E15-9DC25DAD7D98}
		{0AC80DD8-9DF3-3843-99E7-3C1711FDCFDC} = {0AC80DD8-9DF3-3843-99E7-3C1711FDCFDC}
	EndProjectSection
EndProject
Project("{8BC9CEB8-8B4A-11D0-8D11-00A0C91BC942}") = "unit", "test\unit.vcxproj", "{ADD47B95-9AC2-3D2C-890F-4A5FFA8691FD}"
	ProjectSection(ProjectDependencies) = postProject
		{6328FB62-CBD8-34AD-A1C3-778A27E8C389} = {6328FB62-CBD8-34AD-A1C3-778A27E8C389}
		{24AFEE9E-33B5-3DE6-9E15-9DC25DAD7D98} = {24AFEE9E-33B5-3DE6-9E15-9DC25DAD7D98}
		{0AC80DD8-9DF3-3843-99E7-3C1711FDCFDC} = {0AC80DD8-9DF3-3843-99E7-3C1711FDCFDC}
	EndProjectSection
EndProject
Project("{8BC9CEB8-8B4A-11D0-8D11-00A0C91BC942}") = "zlibstatic", "contrib\zlib\zlibstatic.vcxproj", "{0AC80DD8-9DF3-3843-99E7-3C1711FDCFDC}"
	ProjectSection(ProjectDependencies) = postProject
		{6328FB62-CBD8-34AD-A1C3-778A27E8C389} = {6328FB62-CBD8-34AD-A1C3-778A27E8C389}
	EndProjectSection
EndProject
Global
	GlobalSection(SolutionConfigurationPlatforms) = preSolution
		Debug|x64 = Debug|x64
		Release|x64 = Release|x64
		MinSizeRel|x64 = MinSizeRel|x64
		RelWithDebInfo|x64 = RelWithDebInfo|x64
	EndGlobalSection
	GlobalSection(ProjectConfigurationPlatforms) = postSolution
		{9E5925BC-02C8-3139-8CF2-983775C2E199}.Debug|x64.ActiveCfg = Debug|x64
		{9E5925BC-02C8-3139-8CF2-983775C2E199}.Debug|x64.Build.0 = Debug|x64
		{9E5925BC-02C8-3139-8CF2-983775C2E199}.Release|x64.ActiveCfg = Release|x64
		{9E5925BC-02C8-3139-8CF2-983775C2E199}.Release|x64.Build.0 = Release|x64
		{9E5925BC-02C8-3139-8CF2-983775C2E199}.MinSizeRel|x64.ActiveCfg = MinSizeRel|x64
		{9E5925BC-02C8-3139-8CF2-983775C2E199}.MinSizeRel|x64.Build.0 = MinSizeRel|x64
		{9E5925BC-02C8-3139-8CF2-983775C2E199}.RelWithDebInfo|x64.ActiveCfg = RelWithDebInfo|x64
		{9E5925BC-02C8-3139-8CF2-983775C2E199}.RelWithDebInfo|x64.Build.0 = RelWithDebInfo|x64
		{5D6097B4-9243-30D0-AEB8-AACEFC5FF320}.Debug|x64.ActiveCfg = Debug|x64
		{5D6097B4-9243-30D0-AEB8-AACEFC5FF320}.Release|x64.ActiveCfg = Release|x64
		{5D6097B4-9243-30D0-AEB8-AACEFC5FF320}.MinSizeRel|x64.ActiveCfg = MinSizeRel|x64
		{5D6097B4-9243-30D0-AEB8-AACEFC5FF320}.RelWithDebInfo|x64.ActiveCfg = RelWithDebInfo|x64
		{A1F05848-8047-31CB-B67E-5F5353C6438C}.Debug|x64.ActiveCfg = Debug|x64
		{A1F05848-8047-31CB-B67E-5F5353C6438C}.Release|x64.ActiveCfg = Release|x64
		{A1F05848-8047-31CB-B67E-5F5353C6438C}.MinSizeRel|x64.ActiveCfg = MinSizeRel|x64
		{A1F05848-8047-31CB-B67E-5F5353C6438C}.RelWithDebInfo|x64.ActiveCfg = RelWithDebInfo|x64
		{6328FB62-CBD8-34AD-A1C3-778A27E8C389}.Debug|x64.ActiveCfg = Debug|x64
		{6328FB62-CBD8-34AD-A1C3-778A27E8C389}.Debug|x64.Build.0 = Debug|x64
		{6328FB62-CBD8-34AD-A1C3-778A27E8C389}.Release|x64.ActiveCfg = Release|x64
		{6328FB62-CBD8-34AD-A1C3-778A27E8C389}.Release|x64.Build.0 = Release|x64
		{6328FB62-CBD8-34AD-A1C3-778A27E8C389}.MinSizeRel|x64.ActiveCfg = MinSizeRel|x64
		{6328FB62-CBD8-34AD-A1C3-778A27E8C389}.MinSizeRel|x64.Build.0 = MinSizeRel|x64
		{6328FB62-CBD8-34AD-A1C3-778A27E8C389}.RelWithDebInfo|x64.ActiveCfg = RelWithDebInfo|x64
		{6328FB62-CBD8-34AD-A1C3-778A27E8C389}.RelWithDebInfo|x64.Build.0 = RelWithDebInfo|x64
		{24AFEE9E-33B5-3DE6-9E15-9DC25DAD7D98}.Debug|x64.ActiveCfg = Debug|x64
		{24AFEE9E-33B5-3DE6-9E15-9DC25DAD7D98}.Debug|x64.Build.0 = Debug|x64
		{24AFEE9E-33B5-3DE6-9E15-9DC25DAD7D98}.Release|x64.ActiveCfg = Release|x64
		{24AFEE9E-33B5-3DE6-9E15-9DC25DAD7D98}.Release|x64.Build.0 = Release|x64
		{24AFEE9E-33B5-3DE6-9E15-9DC25DAD7D98}.MinSizeRel|x64.ActiveCfg = MinSizeRel|x64
		{24AFEE9E-33B5-3DE6-9E15-9DC25DAD7D98}.MinSizeRel|x64.Build.0 = MinSizeRel|x64
		{24AFEE9E-33B5-3DE6-9E15-9DC25DAD7D98}.RelWithDebInfo|x64.ActiveCfg = RelWithDebInfo|x64
		{24AFEE9E-33B5-3DE6-9E15-9DC25DAD7D98}.RelWithDebInfo|x64.Build.0 = RelWithDebInfo|x64
		{33C77A62-6BB0-3D9C-A5DF-5755A1251E52}.Debug|x64.ActiveCfg = Debug|x64
		{33C77A62-6BB0-3D9C-A5DF-5755A1251E52}.Debug|x64.Build.0 = Debug|x64
		{33C77A62-6BB0-3D9C-A5DF-5755A1251E52}.Release|x64.ActiveCfg = Release|x64
		{33C77A62-6BB0-3D9C-A5DF-5755A1251E52}.Release|x64.Build.0 = Release|x64
		{33C77A62-6BB0-3D9C-A5DF-5755A1251E52}.MinSizeRel|x64.ActiveCfg = MinSizeRel|x64
		{33C77A62-6BB0-3D9C-A5DF-5755A1251E52}.MinSizeRel|x64.Build.0 = MinSizeRel|x64
		{33C77A62-6BB0-3D9C-A5DF-5755A1251E52}.RelWithDebInfo|x64.ActiveCfg = RelWithDebInfo|x64
		{33C77A62-6BB0-3D9C-A5DF-5755A1251E52}.RelWithDebInfo|x64.Build.0 = RelWithDebInfo|x64
		{ADD47B95-9AC2-3D2C-890F-4A5FFA8691FD}.Debug|x64.ActiveCfg = Debug|x64
		{ADD47B95-9AC2-3D2C-890F-4A5FFA8691FD}.Debug|x64.Build.0 = Debug|x64
		{ADD47B95-9AC2-3D2C-890F-4A5FFA8691FD}.Release|x64.ActiveCfg = Release|x64
		{ADD47B95-9AC2-3D2C-890F-4A5FFA8691FD}.Release|x64.Build.0 = Release|x64
		{ADD47B95-9AC2-3D2C-890F-4A5FFA8691FD}.MinSizeRel|x64.ActiveCfg = MinSizeRel|x64
		{ADD47B95-9AC2-3D2C-890F-4A5FFA8691FD}.MinSizeRel|x64.Build.0 = MinSizeRel|x64
		{ADD47B95-9AC2-3D2C-890F-4A5FFA8691FD}.RelWithDebInfo|x64.ActiveCfg = RelWithDebInfo|x64
		{ADD47B95-9AC2-3D2C-890F-4A5FFA8691FD}.RelWithDebInfo|x64.Build.0 = RelWithDebInfo|x64
		{0AC80DD8-9DF3-3843-99E7-3C1711FDCFDC}.Debug|x64.ActiveCfg = Debug|x64
		{0AC80DD8-9DF3-3843-99E7-3C1711FDCFDC}.Debug|x64.Build.0 = Debug|x64
		{0AC80DD8-9DF3-3843-99E7-3C1711FDCFDC}.Release|x64.ActiveCfg = Release|x64
		{0AC80DD8-9DF3-3843-99E7-3C1711FDCFDC}.Release|x64.Build.0 = Release|x64
		{0AC80DD8-9DF3-3843-99E7-3C1711FDCFDC}.MinSizeRel|x64.ActiveCfg = MinSizeRel|x64
		{0AC80DD8-9DF3-3843-99E7-3C1711FDCFDC}.MinSizeRel|x64.Build.0 = MinSizeRel|x64
		{0AC80DD8-9DF3-3843-99E7-3C1711FDCFDC}.RelWithDebInfo|x64.ActiveCfg = RelWithDebInfo|x64
		{0AC80DD8-9DF3-3843-99E7-3C1711FDCFDC}.RelWithDebInfo|x64.Build.0 = RelWithDebInfo|x64
	EndGlobalSection
	GlobalSection(NestedProjects) = preSolution
		{9E5925BC-02C8-3139-8CF2-983775C2E199} = {B1417E13-277A-3DB1-BC98-6ACB334AD723}
		{5D6097B4-9243-30D0-AEB8-AACEFC5FF320} = {B1417E13-277A-3DB1-BC98-6ACB334AD723}
		{6328FB62-CBD8-34AD-A1C3-778A27E8C389} = {B1417E13-277A-3DB1-BC98-6ACB334AD723}
	EndGlobalSection
	GlobalSection(ExtensibilityGlobals) = postSolution
		SolutionGuid = {7B348BA6-D322-39E8-8B9F-BCBB07AECDE4}
	EndGlobalSection
	GlobalSection(ExtensibilityAddIns) = postSolution
	EndGlobalSection
EndGlobal
